
Microsoft Visual Studio Solution File, Format Version 12.00
# Visual Studio Version 16
VisualStudioVersion = 16.0.29025.244
MinimumVisualStudioVersion = 10.0.40219.1
Project("{FAE04EC0-301F-11D3-BF4B-00C04F79EFBC}") = "YBLoader.CoreLib", "YBLoader.CoreLib\YBLoader.CoreLib.csproj", "{7324075B-F1D1-4732-87D9-79FECA447B1C}"
EndProject
Project("{2150E333-8FDC-42A3-9474-1A3956D46DE8}") = "Tests", "Tests", "{26E2FB4B-514E-47C9-BA53-5CC91ED2784C}"
EndProject
Project("{FAE04EC0-301F-11D3-BF4B-00C04F79EFBC}") = "YBLoader.Tests", "Tests\YBLoader.Tests\YBLoader.Tests.csproj", "{822047F5-A559-464A-A033-31CFAD0B3305}"
EndProject
Global
	GlobalSection(SolutionConfigurationPlatforms) = preSolution
		Debug|Any CPU = Debug|Any CPU
		Release|Any CPU = Release|Any CPU
	EndGlobalSection
	GlobalSection(ProjectConfigurationPlatforms) = postSolution
		{7324075B-F1D1-4732-87D9-79FECA447B1C}.Debug|Any CPU.ActiveCfg = Debug|Any CPU
		{7324075B-F1D1-4732-87D9-79FECA447B1C}.Debug|Any CPU.Build.0 = Debug|Any CPU
		{7324075B-F1D1-4732-87D9-79FECA447B1C}.Release|Any CPU.ActiveCfg = Release|Any CPU
		{7324075B-F1D1-4732-87D9-79FECA447B1C}.Release|Any CPU.Build.0 = Release|Any CPU
		{822047F5-A559-464A-A033-31CFAD0B3305}.Debug|Any CPU.ActiveCfg = Debug|Any CPU
		{822047F5-A559-464A-A033-31CFAD0B3305}.Debug|Any CPU.Build.0 = Debug|Any CPU
		{822047F5-A559-464A-A033-31CFAD0B3305}.Release|Any CPU.ActiveCfg = Release|Any CPU
		{822047F5-A559-464A-A033-31CFAD0B3305}.Release|Any CPU.Build.0 = Release|Any CPU
	EndGlobalSection
	GlobalSection(SolutionProperties) = preSolution
		HideSolutionNode = FALSE
	EndGlobalSection
	GlobalSection(NestedProjects) = preSolution
		{822047F5-A559-464A-A033-31CFAD0B3305} = {26E2FB4B-514E-47C9-BA53-5CC91ED2784C}
	EndGlobalSection
	GlobalSection(ExtensibilityGlobals) = postSolution
		SolutionGuid = {19FF9EA4-354A-4AC2-86B1-D0A600763287}
	EndGlobalSection
EndGlobal
